
Microsoft Visual Studio Solution File, Format Version 12.00
# Visual Studio 15
VisualStudioVersion = 15.0.27703.2042
MinimumVisualStudioVersion = 10.0.40219.1
Project("{E24C65DC-7377-472B-9ABA-BC803B73C61A}") = "MiPrepago_Website", "MiPrepago_Website\", "{8C12D57C-723F-4E33-9DF9-DED7F7B999FD}"
	ProjectSection(WebsiteProperties) = preProject
		TargetFrameworkMoniker = ".NETFramework,Version%3Dv4.5"
		Debug.AspNetCompiler.VirtualPath = "/localhost_61875"
		Debug.AspNetCompiler.PhysicalPath = "..\..\..\Desktop\UPC\201802\DESARROLLO PARA SISTEMAS DISTRIBUIDOS\Entregable\MiPrepago_Website\"
		Debug.AspNetCompiler.TargetPath = "PrecompiledWeb\localhost_61875\"
		Debug.AspNetCompiler.Updateable = "true"
		Debug.AspNetCompiler.ForceOverwrite = "true"
		Debug.AspNetCompiler.FixedNames = "false"
		Debug.AspNetCompiler.Debug = "True"
		Release.AspNetCompiler.VirtualPath = "/localhost_61875"
		Release.AspNetCompiler.PhysicalPath = "..\..\..\Desktop\UPC\201802\DESARROLLO PARA SISTEMAS DISTRIBUIDOS\Entregable\MiPrepago_Website\"
		Release.AspNetCompiler.TargetPath = "PrecompiledWeb\localhost_61875\"
		Release.AspNetCompiler.Updateable = "true"
		Release.AspNetCompiler.ForceOverwrite = "true"
		Release.AspNetCompiler.FixedNames = "false"
		Release.AspNetCompiler.Debug = "False"
		VWDPort = "61875"
	EndProjectSection
EndProject
Global
	GlobalSection(SolutionConfigurationPlatforms) = preSolution
		Debug|Any CPU = Debug|Any CPU
	EndGlobalSection
	GlobalSection(ProjectConfigurationPlatforms) = postSolution
		{8C12D57C-723F-4E33-9DF9-DED7F7B999FD}.Debug|Any CPU.ActiveCfg = Debug|Any CPU
		{8C12D57C-723F-4E33-9DF9-DED7F7B999FD}.Debug|Any CPU.Build.0 = Debug|Any CPU
	EndGlobalSection
	GlobalSection(SolutionProperties) = preSolution
		HideSolutionNode = FALSE
	EndGlobalSection
	GlobalSection(ExtensibilityGlobals) = postSolution
		SolutionGuid = {A943C495-C428-4A15-8F31-2F7F5B2C0486}
	EndGlobalSection
EndGlobal
